
Microsoft Visual Studio Solution File, Format Version 12.00
# Visual Studio Version 17
VisualStudioVersion = 17.11.35208.52
MinimumVisualStudioVersion = 10.0.40219.1
Project("{FAE04EC0-301F-11D3-BF4B-00C04F79EFBC}") = "ProductAPI", "ProductAPI\ProductAPI.csproj", "{F577BD4B-AB62-467F-BC8E-B08BF26ABBCE}"
EndProject
Global
	GlobalSection(SolutionConfigurationPlatforms) = preSolution
		Debug|Any CPU = Debug|Any CPU
		Release|Any CPU = Release|Any CPU
	EndGlobalSection
	GlobalSection(ProjectConfigurationPlatforms) = postSolution
		{F577BD4B-AB62-467F-BC8E-B08BF26ABBCE}.Debug|Any CPU.ActiveCfg = Debug|Any CPU
		{F577BD4B-AB62-467F-BC8E-B08BF26ABBCE}.Debug|Any CPU.Build.0 = Debug|Any CPU
		{F577BD4B-AB62-467F-BC8E-B08BF26ABBCE}.Release|Any CPU.ActiveCfg = Release|Any CPU
		{F577BD4B-AB62-467F-BC8E-B08BF26ABBCE}.Release|Any CPU.Build.0 = Release|Any CPU
	EndGlobalSection
	GlobalSection(SolutionProperties) = preSolution
		HideSolutionNode = FALSE
	EndGlobalSection
	GlobalSection(ExtensibilityGlobals) = postSolution
		SolutionGuid = {62CD58C4-46BA-45B7-A8D6-9FBBCBC0BC01}
	EndGlobalSection
EndGlobal
